Microsoft Visual Studio Solution File, Format Version 12.00
# Visual Studio Version 17
VisualStudioVersion = 17.5.2.0
MinimumVisualStudioVersion = 10.0.40219.1
Project("{FAE04EC0-301F-11D3-BF4B-00C04F79EFBC}") = "MiMundoHuellitas", "MiMundoHuellitas.csproj", "{B6BC72B3-3247-FAA8-8DEB-9FE9D90DB805}"
EndProject
Global
	GlobalSection(SolutionConfigurationPlatforms) = preSolution
		Debug|Any CPU = Debug|Any CPU
		Release|Any CPU = Release|Any CPU
	EndGlobalSection
	GlobalSection(ProjectConfigurationPlatforms) = postSolution
		{B6BC72B3-3247-FAA8-8DEB-9FE9D90DB805}.Debug|Any CPU.ActiveCfg = Debug|Any CPU
		{B6BC72B3-3247-FAA8-8DEB-9FE9D90DB805}.Debug|Any CPU.Build.0 = Debug|Any CPU
		{B6BC72B3-3247-FAA8-8DEB-9FE9D90DB805}.Release|Any CPU.ActiveCfg = Release|Any CPU
		{B6BC72B3-3247-FAA8-8DEB-9FE9D90DB805}.Release|Any CPU.Build.0 = Release|Any CPU
	EndGlobalSection
	GlobalSection(SolutionProperties) = preSolution
		HideSolutionNode = FALSE
	EndGlobalSection
	GlobalSection(ExtensibilityGlobals) = postSolution
		SolutionGuid = {6D1E6899-B3F5-4E72-AE52-C56C0B1E185E}
	EndGlobalSection
EndGlobal
